
Microsoft Visual Studio Solution File, Format Version 12.00
# Visual Studio Version 16
VisualStudioVersion = 16.0.30002.166
MinimumVisualStudioVersion = 10.0.40219.1
Project("{FAE04EC0-301F-11D3-BF4B-00C04F79EFBC}") = "CodingExercises", "CodingExercises.csproj", "{DA1C9022-7B7C-4A50-9B6D-F3112212E858}"
EndProject
Project("{FAE04EC0-301F-11D3-BF4B-00C04F79EFBC}") = "CodingExercisesTests", "..\CodingExercisesTests\CodingExercisesTests.csproj", "{62592EFA-245C-4C73-8DAF-A30AF7175DF6}"
EndProject
Global
	GlobalSection(SolutionConfigurationPlatforms) = preSolution
		Debug|Any CPU = Debug|Any CPU
		Release|Any CPU = Release|Any CPU
	EndGlobalSection
	GlobalSection(ProjectConfigurationPlatforms) = postSolution
		{DA1C9022-7B7C-4A50-9B6D-F3112212E858}.Debug|Any CPU.ActiveCfg = Debug|Any CPU
		{DA1C9022-7B7C-4A50-9B6D-F3112212E858}.Debug|Any CPU.Build.0 = Debug|Any CPU
		{DA1C9022-7B7C-4A50-9B6D-F3112212E858}.Release|Any CPU.ActiveCfg = Release|Any CPU
		{DA1C9022-7B7C-4A50-9B6D-F3112212E858}.Release|Any CPU.Build.0 = Release|Any CPU
		{62592EFA-245C-4C73-8DAF-A30AF7175DF6}.Debug|Any CPU.ActiveCfg = Debug|Any CPU
		{62592EFA-245C-4C73-8DAF-A30AF7175DF6}.Debug|Any CPU.Build.0 = Debug|Any CPU
		{62592EFA-245C-4C73-8DAF-A30AF7175DF6}.Release|Any CPU.ActiveCfg = Release|Any CPU
		{62592EFA-245C-4C73-8DAF-A30AF7175DF6}.Release|Any CPU.Build.0 = Release|Any CPU
	EndGlobalSection
	GlobalSection(SolutionProperties) = preSolution
		HideSolutionNode = FALSE
	EndGlobalSection
	GlobalSection(ExtensibilityGlobals) = postSolution
		SolutionGuid = {7B44CAD1-0E4A-4B9A-A1DD-7A348295929C}
	EndGlobalSection
EndGlobal
